
Microsoft Visual Studio Solution File, Format Version 12.00
# Visual Studio Version 16
VisualStudioVersion = 16.0.29905.134
MinimumVisualStudioVersion = 10.0.40219.1
Project("{9A19103F-16F7-4668-BE54-9A1E7A4F7556}") = "Monkland", "MonkLand\Monkland.csproj", "{EE4CADCF-3659-4B9B-B3FB-12D6F8BB8816}"
EndProject
Project("{2150E333-8FDC-42A3-9474-1A3956D46DE8}") = "Solution Items", "Solution Items", "{F60398B8-1FDD-46E2-B55A-A35973FC5159}"
	ProjectSection(SolutionItems) = preProject
		.editorconfig = .editorconfig
	EndProjectSection
EndProject
Global
	GlobalSection(SolutionConfigurationPlatforms) = preSolution
		Debug|Any CPU = Debug|Any CPU
		Release|Any CPU = Release|Any CPU
	EndGlobalSection
	GlobalSection(ProjectConfigurationPlatforms) = postSolution
		{EE4CADCF-3659-4B9B-B3FB-12D6F8BB8816}.Debug|Any CPU.ActiveCfg = Debug|Any CPU
		{EE4CADCF-3659-4B9B-B3FB-12D6F8BB8816}.Debug|Any CPU.Build.0 = Debug|Any CPU
		{EE4CADCF-3659-4B9B-B3FB-12D6F8BB8816}.Release|Any CPU.ActiveCfg = Release|Any CPU
		{EE4CADCF-3659-4B9B-B3FB-12D6F8BB8816}.Release|Any CPU.Build.0 = Release|Any CPU
	EndGlobalSection
	GlobalSection(SolutionProperties) = preSolution
		HideSolutionNode = FALSE
	EndGlobalSection
	GlobalSection(ExtensibilityGlobals) = postSolution
		SolutionGuid = {6117FDA0-584F-48E2-BF83-D32D5B654732}
	EndGlobalSection
EndGlobal
